
Microsoft Visual Studio Solution File, Format Version 12.00
# Visual Studio 15
VisualStudioVersion = 15.0.27703.2035
MinimumVisualStudioVersion = 10.0.40219.1
Project("{FAE04EC0-301F-11D3-BF4B-00C04F79EFBC}") = "WpfHamburgerMenuApp", "WpfHamburgerMenuApp\WpfHamburgerMenuApp.csproj", "{50F68246-31E6-4130-BF2D-C88973E01F5D}"
EndProject
Global
	GlobalSection(SolutionConfigurationPlatforms) = preSolution
		Debug|Any CPU = Debug|Any CPU
		Release|Any CPU = Release|Any CPU
	EndGlobalSection
	GlobalSection(ProjectConfigurationPlatforms) = postSolution
		{50F68246-31E6-4130-BF2D-C88973E01F5D}.Debug|Any CPU.ActiveCfg = Debug|Any CPU
		{50F68246-31E6-4130-BF2D-C88973E01F5D}.Debug|Any CPU.Build.0 = Debug|Any CPU
		{50F68246-31E6-4130-BF2D-C88973E01F5D}.Release|Any CPU.ActiveCfg = Release|Any CPU
		{50F68246-31E6-4130-BF2D-C88973E01F5D}.Release|Any CPU.Build.0 = Release|Any CPU
	EndGlobalSection
	GlobalSection(SolutionProperties) = preSolution
		HideSolutionNode = FALSE
	EndGlobalSection
	GlobalSection(ExtensibilityGlobals) = postSolution
		SolutionGuid = {F25858C6-8601-460E-9BBA-D5F6AFCD988D}
	EndGlobalSection
EndGlobal
